{
  "version": 1,
  "dependencies": {
    "net10.0": {
      "System.Security.Cryptography.ProtectedData": {
        "type": "Direct",
        "requested": "[10.0.10, )",
        "resolved": "10.0.10",
        "contentHash": "BKt0SQgq2lq3ESE68jkeLwv95ypANrPDtkTOIFGcnhg2aRUeUUBDrQlkVDZctrg1WenVcvn5P5XZnuYI7q6rFQ=="
      },
      "AlibabaCloud.EndpointUtil": {
        "type": "Transitive",
        "resolved": "0.1.2",
        "contentHash": "66FQo9/jqfT4sGHFjiqcUQebwPcUzaABSvv9yDWLWHqQMaH/KLHD+VlecGERBPiLKoCwCA8D18H1+RFkRyLpOA=="
      },
      "AlibabaCloud.GatewaySpi": {
        "type": "Transitive",
        "resolved": "0.0.3",
        "contentHash": "vvmA5BrM8rpOZoXwFl/ZWHYLFnZ8EwPp+07z3Eeg9okLv58QJ8+KGWVovTr8tJpuDgPFG1SVdHXRi04A62ehdA==",
        "dependencies": {
          "Aliyun.Credentials": "1.4.0",
          "Tea": "1.0.13"
        }
      },
      "AlibabaCloud.OpenApiClient": {
        "type": "Transitive",
        "resolved": "0.1.16",
        "contentHash": "zg+UV5+TNv0RFfqG7BF1kYxF5ajmEN+F97O5C4b4ytAKQGZq15riLJLRopZe8r/XUPJsgGaC1JOfZphYet3unA==",
        "dependencies": {
          "AlibabaCloud.GatewaySpi": "0.0.3",
          "AlibabaCloud.OpenApiUtil": "1.1.2",
          "AlibabaCloud.TeaUtil": "0.1.20",
          "AlibabaCloud.TeaXML": "0.0.5",
          "Aliyun.Credentials": "1.5.2",
          "Tea": "1.1.3"
        }
      },
      "AlibabaCloud.OpenApiUtil": {
        "type": "Transitive",
        "resolved": "1.1.4",
        "contentHash": "Z5bjwOHgN6n5A222TQOIOm6pTgdm+Gwp23FQ9ZlRqpp4LU9NqsPecJ06hPIGsJl0ACv3lRNBUhpWDqMP5Tx6tg==",
        "dependencies": {
          "Newtonsoft.Json": "13.0.3",
          "Tea": "1.0.11"
        }
      },
      "AlibabaCloud.SDK.Cdn20180510": {
        "type": "Transitive",
        "resolved": "8.2.0",
        "contentHash": "dK6vtkgrdSOZCwZe8P7WWVz/Cy5TH4xhV0dpOiY1jDK11ZPbczayhwMen/u60GRBIHzEQ7JtZIGYxhRm7ABihQ==",
        "dependencies": {
          "AlibabaCloud.EndpointUtil": "0.1.2",
          "AlibabaCloud.OpenApiClient": "0.1.16",
          "AlibabaCloud.OpenApiUtil": "1.1.4",
          "AlibabaCloud.TeaUtil": "0.1.20",
          "Tea": "1.1.3"
        }
      },
      "AlibabaCloud.TeaUtil": {
        "type": "Transitive",
        "resolved": "0.1.20",
        "contentHash": "LlX4ZC9s15IEeQJbDNQLtfZulDP+0h3vAsR+gz0sp9GV4jspANH3f+AnVsQLKxxt7mJk623lbOYM6PE53CbBPw==",
        "dependencies": {
          "Newtonsoft.Json": "13.0.3",
          "Tea": "1.0.11"
        }
      },
      "AlibabaCloud.TeaXML": {
        "type": "Transitive",
        "resolved": "0.0.5",
        "contentHash": "mHxE6H3eq4jaeqn3hryIYTI0k8quvPZfZdEE+PdU8rw+NGRvev68D8Aei6xjwW/pArZaTG6yPawYu5c0EaZkfw==",
        "dependencies": {
          "Newtonsoft.Json": "9.0.1",
          "Tea": "1.0.11"
        }
      },
      "Aliyun.Credentials": {
        "type": "Transitive",
        "resolved": "1.5.2",
        "contentHash": "5A5W5IbQvmUV0EcfAP9FFDQoB5R9JfeH7FhDPEBlPZl6ZJON40NHkYwQY/l+P+AMR7B9Nt8mxGoL3rGETrNLFg==",
        "dependencies": {
          "Newtonsoft.Json": "13.0.1",
          "Tea": "1.0.1"
        }
      },
      "AWSSDK.Core": {
        "type": "Transitive",
        "resolved": "4.0.100.9",
        "contentHash": "OPYy41jZjXwxxcYRotaq24HDrwUnVtBB/mvg1IwB9D1ICXAtHqMa1sp2hpmlVJCZwjlcrPcTCJIejInvV1vp5g=="
      },
      "AWSSDK.S3": {
        "type": "Transitive",
        "resolved": "4.0.102",
        "contentHash": "+5ToRNfpNnu1/oEbb1P+4AnHpknda1+eybYkhT6viFC4v772ZONeFYGR1pHgm7Zum0nvLDpSEJl/4y+wggpIpg==",
        "dependencies": {
          "AWSSDK.Core": "[4.0.100.9, 5.0.0)"
        }
      },
      "AWSSDK.SecurityToken": {
        "type": "Transitive",
        "resolved": "4.0.100.7",
        "contentHash": "J+UONdTPOcLXAHIIJ/cutqqTv4RuzS2YWYIt6eXeLWnfkoIUEbfljROniHwT4yXbjWaLe9Gd2tgSStWJvl9J1A==",
        "dependencies": {
          "AWSSDK.Core": "[4.0.100.9, 5.0.0)"
        }
      },
      "AWSSDK.SSO": {
        "type": "Transitive",
        "resolved": "4.0.100.7",
        "contentHash": "HzXXscVe/said+K0FY9iS8JZzT7F1h/iMBOWUHVsri6gdSnAxqoSJBwaDxyihKAXPtt0l3ynb0/mP0Cuw0wiLg==",
        "dependencies": {
          "AWSSDK.Core": "[4.0.100.9, 5.0.0)"
        }
      },
      "AWSSDK.SSOOIDC": {
        "type": "Transitive",
        "resolved": "4.0.100.7",
        "contentHash": "3iQCAc2z0iFBpZS/wVvjhJmiDpZg9yI7B2YLaxsPjkBkm2wUSWOSAJHYPOrk2WGexh5jY+FvChtSZnuWJXLSwg==",
        "dependencies": {
          "AWSSDK.Core": "[4.0.100.9, 5.0.0)"
        }
      },
      "Newtonsoft.Json": {
        "type": "Transitive",
        "resolved": "13.0.3",
        "contentHash": "HrC5BXdl00IP9zeV+0Z848QWPAoCr9P3bDEZguI+gkLcBKAOxix/tLEAAHC+UvDNPv4a2d18lOReHMOagPa+zQ=="
      },
      "Tea": {
        "type": "Transitive",
        "resolved": "1.1.3",
        "contentHash": "vwpYRSIcbNeRDrrRp6eG1rB2rAE5vOZyrQAjMPCxDTisptsIq4ApdmFc9jvthCIgOeBwTyOe4Y/TYTD88Zq+Yw==",
        "dependencies": {
          "Newtonsoft.Json": "13.0.3"
        }
      },
      "s3explorer.core": {
        "type": "Project"
      },
      "s3explorer.infrastructure.cdn": {
        "type": "Project",
        "dependencies": {
          "AlibabaCloud.SDK.Cdn20180510": "[8.2.0, )",
          "S3Explorer.Core": "[0.7.6, )",
          "System.Security.Cryptography.ProtectedData": "[10.0.10, )"
        }
      },
      "s3explorer.infrastructure.s3": {
        "type": "Project",
        "dependencies": {
          "AWSSDK.S3": "[4.0.102, )",
          "AWSSDK.SSO": "[4.0.100.7, )",
          "AWSSDK.SSOOIDC": "[4.0.100.7, )",
          "AWSSDK.SecurityToken": "[4.0.100.7, )",
          "S3Explorer.Core": "[0.7.6, )",
          "System.Security.Cryptography.ProtectedData": "[10.0.10, )"
        }
      }
    }
  }
}