
Microsoft Visual Studio Solution File, Format Version 12.00
# Visual Studio Version 18
VisualStudioVersion = 18.8.12021.73
MinimumVisualStudioVersion = 10.0.40219.1
Project("{FAE04EC0-301F-11D3-BF4B-00C04F79EFBC}") = "S3Explorer.Core", "src\S3Explorer.Core\S3Explorer.Core.csproj", "{88E8698D-BD13-44E2-B56B-8799B7BA7C31}"
EndProject
Project("{FAE04EC0-301F-11D3-BF4B-00C04F79EFBC}") = "S3Explorer.Contracts", "src\S3Explorer.Contracts\S3Explorer.Contracts.csproj", "{1B33F15D-3102-40AA-AD39-4C1B99DE297D}"
EndProject
Project("{FAE04EC0-301F-11D3-BF4B-00C04F79EFBC}") = "S3Explorer.Infrastructure.S3", "src\S3Explorer.Infrastructure.S3\S3Explorer.Infrastructure.S3.csproj", "{3A68E170-9623-428B-895D-0FE97824E30C}"
EndProject
Project("{FAE04EC0-301F-11D3-BF4B-00C04F79EFBC}") = "S3Explorer.Infrastructure.Cdn", "src\S3Explorer.Infrastructure.Cdn\S3Explorer.Infrastructure.Cdn.csproj", "{46A0B7C1-E1C2-4AA2-9D53-6E19D8820E17}"
EndProject
Project("{FAE04EC0-301F-11D3-BF4B-00C04F79EFBC}") = "S3Explorer.App", "src\S3Explorer.App\S3Explorer.App.csproj", "{C213C4BB-0A49-445E-A8B4-AC1F36D30705}"
EndProject
Project("{FAE04EC0-301F-11D3-BF4B-00C04F79EFBC}") = "S3Explorer.Updater", "src\S3Explorer.Updater\S3Explorer.Updater.csproj", "{2C7452C9-2F5D-4B7E-8A27-D4604D5B71E2}"
EndProject
Project("{FAE04EC0-301F-11D3-BF4B-00C04F79EFBC}") = "S3Explorer.Core.Tests", "tests\S3Explorer.Core.Tests\S3Explorer.Core.Tests.csproj", "{FAF31FE5-9D54-4428-85D2-5608B3ADE46D}"
EndProject
Project("{FAE04EC0-301F-11D3-BF4B-00C04F79EFBC}") = "S3Explorer.Infrastructure.S3.Tests", "tests\S3Explorer.Infrastructure.S3.Tests\S3Explorer.Infrastructure.S3.Tests.csproj", "{7BC637BB-C8C4-40A3-A4B3-B5E348035384}"
EndProject
Project("{FAE04EC0-301F-11D3-BF4B-00C04F79EFBC}") = "S3Explorer.Infrastructure.Cdn.Tests", "tests\S3Explorer.Infrastructure.Cdn.Tests\S3Explorer.Infrastructure.Cdn.Tests.csproj", "{EA5DC82B-94C7-4D7E-9F27-C4BF97B3B760}"
EndProject
Project("{FAE04EC0-301F-11D3-BF4B-00C04F79EFBC}") = "S3Explorer.App.Tests", "tests\S3Explorer.App.Tests\S3Explorer.App.Tests.csproj", "{D3FAB5D7-0AB4-4E65-A257-5FD53FA73B19}"
EndProject
Project("{FAE04EC0-301F-11D3-BF4B-00C04F79EFBC}") = "S3Explorer.Cli", "src\S3Explorer.Cli\S3Explorer.Cli.csproj", "{7A3D6F1C-ED5B-4A16-98BA-A2A2C9A11E67}"
EndProject
Project("{2150E333-8FDC-42A3-9474-1A3956D46DE8}") = "tests", "tests", "{0AB3BF05-4346-4AA6-1389-037BE0695223}"
EndProject
Project("{FAE04EC0-301F-11D3-BF4B-00C04F79EFBC}") = "S3Explorer.Cli.Tests", "tests\S3Explorer.Cli.Tests\S3Explorer.Cli.Tests.csproj", "{FA2064D7-0B61-4B64-A25E-8196A6DB1BFE}"
EndProject
Project("{2150E333-8FDC-42A3-9474-1A3956D46DE8}") = "src", "src", "{827E0CD3-B72D-47B6-A68D-7590B98EB39B}"
EndProject
Global
	GlobalSection(SolutionConfigurationPlatforms) = preSolution
		Debug|Any CPU = Debug|Any CPU
		Debug|x64 = Debug|x64
		Debug|x86 = Debug|x86
		Release|Any CPU = Release|Any CPU
		Release|x64 = Release|x64
		Release|x86 = Release|x86
	EndGlobalSection
	GlobalSection(ProjectConfigurationPlatforms) = postSolution
		{88E8698D-BD13-44E2-B56B-8799B7BA7C31}.Debug|Any CPU.ActiveCfg = Debug|Any CPU
		{88E8698D-BD13-44E2-B56B-8799B7BA7C31}.Debug|Any CPU.Build.0 = Debug|Any CPU
		{88E8698D-BD13-44E2-B56B-8799B7BA7C31}.Debug|x64.ActiveCfg = Debug|Any CPU
		{88E8698D-BD13-44E2-B56B-8799B7BA7C31}.Debug|x64.Build.0 = Debug|Any CPU
		{88E8698D-BD13-44E2-B56B-8799B7BA7C31}.Debug|x86.ActiveCfg = Debug|Any CPU
		{88E8698D-BD13-44E2-B56B-8799B7BA7C31}.Debug|x86.Build.0 = Debug|Any CPU
		{88E8698D-BD13-44E2-B56B-8799B7BA7C31}.Release|Any CPU.ActiveCfg = Release|Any CPU
		{88E8698D-BD13-44E2-B56B-8799B7BA7C31}.Release|Any CPU.Build.0 = Release|Any CPU
		{88E8698D-BD13-44E2-B56B-8799B7BA7C31}.Release|x64.ActiveCfg = Release|Any CPU
		{88E8698D-BD13-44E2-B56B-8799B7BA7C31}.Release|x64.Build.0 = Release|Any CPU
		{88E8698D-BD13-44E2-B56B-8799B7BA7C31}.Release|x86.ActiveCfg = Release|Any CPU
		{88E8698D-BD13-44E2-B56B-8799B7BA7C31}.Release|x86.Build.0 = Release|Any CPU
		{1B33F15D-3102-40AA-AD39-4C1B99DE297D}.Debug|Any CPU.ActiveCfg = Debug|Any CPU
		{1B33F15D-3102-40AA-AD39-4C1B99DE297D}.Debug|Any CPU.Build.0 = Debug|Any CPU
		{1B33F15D-3102-40AA-AD39-4C1B99DE297D}.Debug|x64.ActiveCfg = Debug|Any CPU
		{1B33F15D-3102-40AA-AD39-4C1B99DE297D}.Debug|x64.Build.0 = Debug|Any CPU
		{1B33F15D-3102-40AA-AD39-4C1B99DE297D}.Debug|x86.ActiveCfg = Debug|Any CPU
		{1B33F15D-3102-40AA-AD39-4C1B99DE297D}.Debug|x86.Build.0 = Debug|Any CPU
		{1B33F15D-3102-40AA-AD39-4C1B99DE297D}.Release|Any CPU.ActiveCfg = Release|Any CPU
		{1B33F15D-3102-40AA-AD39-4C1B99DE297D}.Release|Any CPU.Build.0 = Release|Any CPU
		{1B33F15D-3102-40AA-AD39-4C1B99DE297D}.Release|x64.ActiveCfg = Release|Any CPU
		{1B33F15D-3102-40AA-AD39-4C1B99DE297D}.Release|x64.Build.0 = Release|Any CPU
		{1B33F15D-3102-40AA-AD39-4C1B99DE297D}.Release|x86.ActiveCfg = Release|Any CPU
		{1B33F15D-3102-40AA-AD39-4C1B99DE297D}.Release|x86.Build.0 = Release|Any CPU
		{3A68E170-9623-428B-895D-0FE97824E30C}.Debug|Any CPU.ActiveCfg = Debug|Any CPU
		{3A68E170-9623-428B-895D-0FE97824E30C}.Debug|Any CPU.Build.0 = Debug|Any CPU
		{3A68E170-9623-428B-895D-0FE97824E30C}.Debug|x64.ActiveCfg = Debug|Any CPU
		{3A68E170-9623-428B-895D-0FE97824E30C}.Debug|x64.Build.0 = Debug|Any CPU
		{3A68E170-9623-428B-895D-0FE97824E30C}.Debug|x86.ActiveCfg = Debug|Any CPU
		{3A68E170-9623-428B-895D-0FE97824E30C}.Debug|x86.Build.0 = Debug|Any CPU
		{3A68E170-9623-428B-895D-0FE97824E30C}.Release|Any CPU.ActiveCfg = Release|Any CPU
		{3A68E170-9623-428B-895D-0FE97824E30C}.Release|Any CPU.Build.0 = Release|Any CPU
		{3A68E170-9623-428B-895D-0FE97824E30C}.Release|x64.ActiveCfg = Release|Any CPU
		{3A68E170-9623-428B-895D-0FE97824E30C}.Release|x64.Build.0 = Release|Any CPU
		{3A68E170-9623-428B-895D-0FE97824E30C}.Release|x86.ActiveCfg = Release|Any CPU
		{3A68E170-9623-428B-895D-0FE97824E30C}.Release|x86.Build.0 = Release|Any CPU
		{46A0B7C1-E1C2-4AA2-9D53-6E19D8820E17}.Debug|Any CPU.ActiveCfg = Debug|Any CPU
		{46A0B7C1-E1C2-4AA2-9D53-6E19D8820E17}.Debug|Any CPU.Build.0 = Debug|Any CPU
		{46A0B7C1-E1C2-4AA2-9D53-6E19D8820E17}.Debug|x64.ActiveCfg = Debug|Any CPU
		{46A0B7C1-E1C2-4AA2-9D53-6E19D8820E17}.Debug|x64.Build.0 = Debug|Any CPU
		{46A0B7C1-E1C2-4AA2-9D53-6E19D8820E17}.Debug|x86.ActiveCfg = Debug|Any CPU
		{46A0B7C1-E1C2-4AA2-9D53-6E19D8820E17}.Debug|x86.Build.0 = Debug|Any CPU
		{46A0B7C1-E1C2-4AA2-9D53-6E19D8820E17}.Release|Any CPU.ActiveCfg = Release|Any CPU
		{46A0B7C1-E1C2-4AA2-9D53-6E19D8820E17}.Release|Any CPU.Build.0 = Release|Any CPU
		{46A0B7C1-E1C2-4AA2-9D53-6E19D8820E17}.Release|x64.ActiveCfg = Release|Any CPU
		{46A0B7C1-E1C2-4AA2-9D53-6E19D8820E17}.Release|x64.Build.0 = Release|Any CPU
		{46A0B7C1-E1C2-4AA2-9D53-6E19D8820E17}.Release|x86.ActiveCfg = Release|Any CPU
		{46A0B7C1-E1C2-4AA2-9D53-6E19D8820E17}.Release|x86.Build.0 = Release|Any CPU
		{C213C4BB-0A49-445E-A8B4-AC1F36D30705}.Debug|Any CPU.ActiveCfg = Debug|Any CPU
		{C213C4BB-0A49-445E-A8B4-AC1F36D30705}.Debug|Any CPU.Build.0 = Debug|Any CPU
		{C213C4BB-0A49-445E-A8B4-AC1F36D30705}.Debug|x64.ActiveCfg = Debug|Any CPU
		{C213C4BB-0A49-445E-A8B4-AC1F36D30705}.Debug|x64.Build.0 = Debug|Any CPU
		{C213C4BB-0A49-445E-A8B4-AC1F36D30705}.Debug|x86.ActiveCfg = Debug|Any CPU
		{C213C4BB-0A49-445E-A8B4-AC1F36D30705}.Debug|x86.Build.0 = Debug|Any CPU
		{C213C4BB-0A49-445E-A8B4-AC1F36D30705}.Release|Any CPU.ActiveCfg = Release|Any CPU
		{C213C4BB-0A49-445E-A8B4-AC1F36D30705}.Release|Any CPU.Build.0 = Release|Any CPU
		{C213C4BB-0A49-445E-A8B4-AC1F36D30705}.Release|x64.ActiveCfg = Release|Any CPU
		{C213C4BB-0A49-445E-A8B4-AC1F36D30705}.Release|x64.Build.0 = Release|Any CPU
		{C213C4BB-0A49-445E-A8B4-AC1F36D30705}.Release|x86.ActiveCfg = Release|Any CPU
		{C213C4BB-0A49-445E-A8B4-AC1F36D30705}.Release|x86.Build.0 = Release|Any CPU
		{2C7452C9-2F5D-4B7E-8A27-D4604D5B71E2}.Debug|Any CPU.ActiveCfg = Debug|Any CPU
		{2C7452C9-2F5D-4B7E-8A27-D4604D5B71E2}.Debug|Any CPU.Build.0 = Debug|Any CPU
		{2C7452C9-2F5D-4B7E-8A27-D4604D5B71E2}.Debug|x64.ActiveCfg = Debug|Any CPU
		{2C7452C9-2F5D-4B7E-8A27-D4604D5B71E2}.Debug|x64.Build.0 = Debug|Any CPU
		{2C7452C9-2F5D-4B7E-8A27-D4604D5B71E2}.Debug|x86.ActiveCfg = Debug|Any CPU
		{2C7452C9-2F5D-4B7E-8A27-D4604D5B71E2}.Debug|x86.Build.0 = Debug|Any CPU
		{2C7452C9-2F5D-4B7E-8A27-D4604D5B71E2}.Release|Any CPU.ActiveCfg = Release|Any CPU
		{2C7452C9-2F5D-4B7E-8A27-D4604D5B71E2}.Release|Any CPU.Build.0 = Release|Any CPU
		{2C7452C9-2F5D-4B7E-8A27-D4604D5B71E2}.Release|x64.ActiveCfg = Release|Any CPU
		{2C7452C9-2F5D-4B7E-8A27-D4604D5B71E2}.Release|x64.Build.0 = Release|Any CPU
		{2C7452C9-2F5D-4B7E-8A27-D4604D5B71E2}.Release|x86.ActiveCfg = Release|Any CPU
		{2C7452C9-2F5D-4B7E-8A27-D4604D5B71E2}.Release|x86.Build.0 = Release|Any CPU
		{FAF31FE5-9D54-4428-85D2-5608B3ADE46D}.Debug|Any CPU.ActiveCfg = Debug|Any CPU
		{FAF31FE5-9D54-4428-85D2-5608B3ADE46D}.Debug|Any CPU.Build.0 = Debug|Any CPU
		{FAF31FE5-9D54-4428-85D2-5608B3ADE46D}.Debug|x64.ActiveCfg = Debug|Any CPU
		{FAF31FE5-9D54-4428-85D2-5608B3ADE46D}.Debug|x64.Build.0 = Debug|Any CPU
		{FAF31FE5-9D54-4428-85D2-5608B3ADE46D}.Debug|x86.ActiveCfg = Debug|Any CPU
		{FAF31FE5-9D54-4428-85D2-5608B3ADE46D}.Debug|x86.Build.0 = Debug|Any CPU
		{FAF31FE5-9D54-4428-85D2-5608B3ADE46D}.Release|Any CPU.ActiveCfg = Release|Any CPU
		{FAF31FE5-9D54-4428-85D2-5608B3ADE46D}.Release|Any CPU.Build.0 = Release|Any CPU
		{FAF31FE5-9D54-4428-85D2-5608B3ADE46D}.Release|x64.ActiveCfg = Release|Any CPU
		{FAF31FE5-9D54-4428-85D2-5608B3ADE46D}.Release|x64.Build.0 = Release|Any CPU
		{FAF31FE5-9D54-4428-85D2-5608B3ADE46D}.Release|x86.ActiveCfg = Release|Any CPU
		{FAF31FE5-9D54-4428-85D2-5608B3ADE46D}.Release|x86.Build.0 = Release|Any CPU
		{7BC637BB-C8C4-40A3-A4B3-B5E348035384}.Debug|Any CPU.ActiveCfg = Debug|Any CPU
		{7BC637BB-C8C4-40A3-A4B3-B5E348035384}.Debug|Any CPU.Build.0 = Debug|Any CPU
		{7BC637BB-C8C4-40A3-A4B3-B5E348035384}.Debug|x64.ActiveCfg = Debug|Any CPU
		{7BC637BB-C8C4-40A3-A4B3-B5E348035384}.Debug|x64.Build.0 = Debug|Any CPU
		{7BC637BB-C8C4-40A3-A4B3-B5E348035384}.Debug|x86.ActiveCfg = Debug|Any CPU
		{7BC637BB-C8C4-40A3-A4B3-B5E348035384}.Debug|x86.Build.0 = Debug|Any CPU
		{7BC637BB-C8C4-40A3-A4B3-B5E348035384}.Release|Any CPU.ActiveCfg = Release|Any CPU
		{7BC637BB-C8C4-40A3-A4B3-B5E348035384}.Release|Any CPU.Build.0 = Release|Any CPU
		{7BC637BB-C8C4-40A3-A4B3-B5E348035384}.Release|x64.ActiveCfg = Release|Any CPU
		{7BC637BB-C8C4-40A3-A4B3-B5E348035384}.Release|x64.Build.0 = Release|Any CPU
		{7BC637BB-C8C4-40A3-A4B3-B5E348035384}.Release|x86.ActiveCfg = Release|Any CPU
		{7BC637BB-C8C4-40A3-A4B3-B5E348035384}.Release|x86.Build.0 = Release|Any CPU
		{EA5DC82B-94C7-4D7E-9F27-C4BF97B3B760}.Debug|Any CPU.ActiveCfg = Debug|Any CPU
		{EA5DC82B-94C7-4D7E-9F27-C4BF97B3B760}.Debug|Any CPU.Build.0 = Debug|Any CPU
		{EA5DC82B-94C7-4D7E-9F27-C4BF97B3B760}.Debug|x64.ActiveCfg = Debug|Any CPU
		{EA5DC82B-94C7-4D7E-9F27-C4BF97B3B760}.Debug|x64.Build.0 = Debug|Any CPU
		{EA5DC82B-94C7-4D7E-9F27-C4BF97B3B760}.Debug|x86.ActiveCfg = Debug|Any CPU
		{EA5DC82B-94C7-4D7E-9F27-C4BF97B3B760}.Debug|x86.Build.0 = Debug|Any CPU
		{EA5DC82B-94C7-4D7E-9F27-C4BF97B3B760}.Release|Any CPU.ActiveCfg = Release|Any CPU
		{EA5DC82B-94C7-4D7E-9F27-C4BF97B3B760}.Release|Any CPU.Build.0 = Release|Any CPU
		{EA5DC82B-94C7-4D7E-9F27-C4BF97B3B760}.Release|x64.ActiveCfg = Release|Any CPU
		{EA5DC82B-94C7-4D7E-9F27-C4BF97B3B760}.Release|x64.Build.0 = Release|Any CPU
		{EA5DC82B-94C7-4D7E-9F27-C4BF97B3B760}.Release|x86.ActiveCfg = Release|Any CPU
		{EA5DC82B-94C7-4D7E-9F27-C4BF97B3B760}.Release|x86.Build.0 = Release|Any CPU
		{D3FAB5D7-0AB4-4E65-A257-5FD53FA73B19}.Debug|Any CPU.ActiveCfg = Debug|Any CPU
		{D3FAB5D7-0AB4-4E65-A257-5FD53FA73B19}.Debug|Any CPU.Build.0 = Debug|Any CPU
		{D3FAB5D7-0AB4-4E65-A257-5FD53FA73B19}.Debug|x64.ActiveCfg = Debug|Any CPU
		{D3FAB5D7-0AB4-4E65-A257-5FD53FA73B19}.Debug|x64.Build.0 = Debug|Any CPU
		{D3FAB5D7-0AB4-4E65-A257-5FD53FA73B19}.Debug|x86.ActiveCfg = Debug|Any CPU
		{D3FAB5D7-0AB4-4E65-A257-5FD53FA73B19}.Debug|x86.Build.0 = Debug|Any CPU
		{D3FAB5D7-0AB4-4E65-A257-5FD53FA73B19}.Release|Any CPU.ActiveCfg = Release|Any CPU
		{D3FAB5D7-0AB4-4E65-A257-5FD53FA73B19}.Release|Any CPU.Build.0 = Release|Any CPU
		{D3FAB5D7-0AB4-4E65-A257-5FD53FA73B19}.Release|x64.ActiveCfg = Release|Any CPU
		{D3FAB5D7-0AB4-4E65-A257-5FD53FA73B19}.Release|x64.Build.0 = Release|Any CPU
		{D3FAB5D7-0AB4-4E65-A257-5FD53FA73B19}.Release|x86.ActiveCfg = Release|Any CPU
		{D3FAB5D7-0AB4-4E65-A257-5FD53FA73B19}.Release|x86.Build.0 = Release|Any CPU
		{7A3D6F1C-ED5B-4A16-98BA-A2A2C9A11E67}.Debug|Any CPU.ActiveCfg = Debug|Any CPU
		{7A3D6F1C-ED5B-4A16-98BA-A2A2C9A11E67}.Debug|Any CPU.Build.0 = Debug|Any CPU
		{7A3D6F1C-ED5B-4A16-98BA-A2A2C9A11E67}.Debug|x64.ActiveCfg = Debug|Any CPU
		{7A3D6F1C-ED5B-4A16-98BA-A2A2C9A11E67}.Debug|x64.Build.0 = Debug|Any CPU
		{7A3D6F1C-ED5B-4A16-98BA-A2A2C9A11E67}.Debug|x86.ActiveCfg = Debug|Any CPU
		{7A3D6F1C-ED5B-4A16-98BA-A2A2C9A11E67}.Debug|x86.Build.0 = Debug|Any CPU
		{7A3D6F1C-ED5B-4A16-98BA-A2A2C9A11E67}.Release|Any CPU.ActiveCfg = Release|Any CPU
		{7A3D6F1C-ED5B-4A16-98BA-A2A2C9A11E67}.Release|Any CPU.Build.0 = Release|Any CPU
		{7A3D6F1C-ED5B-4A16-98BA-A2A2C9A11E67}.Release|x64.ActiveCfg = Release|Any CPU
		{7A3D6F1C-ED5B-4A16-98BA-A2A2C9A11E67}.Release|x64.Build.0 = Release|Any CPU
		{7A3D6F1C-ED5B-4A16-98BA-A2A2C9A11E67}.Release|x86.ActiveCfg = Release|Any CPU
		{7A3D6F1C-ED5B-4A16-98BA-A2A2C9A11E67}.Release|x86.Build.0 = Release|Any CPU
		{FA2064D7-0B61-4B64-A25E-8196A6DB1BFE}.Debug|Any CPU.ActiveCfg = Debug|Any CPU
		{FA2064D7-0B61-4B64-A25E-8196A6DB1BFE}.Debug|Any CPU.Build.0 = Debug|Any CPU
		{FA2064D7-0B61-4B64-A25E-8196A6DB1BFE}.Debug|x64.ActiveCfg = Debug|Any CPU
		{FA2064D7-0B61-4B64-A25E-8196A6DB1BFE}.Debug|x64.Build.0 = Debug|Any CPU
		{FA2064D7-0B61-4B64-A25E-8196A6DB1BFE}.Debug|x86.ActiveCfg = Debug|Any CPU
		{FA2064D7-0B61-4B64-A25E-8196A6DB1BFE}.Debug|x86.Build.0 = Debug|Any CPU
		{FA2064D7-0B61-4B64-A25E-8196A6DB1BFE}.Release|Any CPU.ActiveCfg = Release|Any CPU
		{FA2064D7-0B61-4B64-A25E-8196A6DB1BFE}.Release|Any CPU.Build.0 = Release|Any CPU
		{FA2064D7-0B61-4B64-A25E-8196A6DB1BFE}.Release|x64.ActiveCfg = Release|Any CPU
		{FA2064D7-0B61-4B64-A25E-8196A6DB1BFE}.Release|x64.Build.0 = Release|Any CPU
		{FA2064D7-0B61-4B64-A25E-8196A6DB1BFE}.Release|x86.ActiveCfg = Release|Any CPU
		{FA2064D7-0B61-4B64-A25E-8196A6DB1BFE}.Release|x86.Build.0 = Release|Any CPU
	EndGlobalSection
	GlobalSection(SolutionProperties) = preSolution
		HideSolutionNode = FALSE
	EndGlobalSection
	GlobalSection(NestedProjects) = preSolution
		{FA2064D7-0B61-4B64-A25E-8196A6DB1BFE} = {0AB3BF05-4346-4AA6-1389-037BE0695223}
		{2C7452C9-2F5D-4B7E-8A27-D4604D5B71E2} = {827E0CD3-B72D-47B6-A68D-7590B98EB39B}
	EndGlobalSection
EndGlobal
