{
  "version": 1,
  "dependencies": {
    "net10.0": {
      "coverlet.collector": {
        "type": "Direct",
        "requested": "[10.0.1, )",
        "resolved": "10.0.1",
        "contentHash": "27jXSV/0DbVqF5jDrAxuQFZ9oaz6gmG03p8ttxAFk+X0M4woFYj7MoWDLCna5EGLb0CE6OE7X6ZH3Wt5smTtaA=="
      },
      "Microsoft.NET.Test.Sdk": {
        "type": "Direct",
        "requested": "[18.0.1, )",
        "resolved": "18.0.1",
        "contentHash": "WNpu6vI2rA0pXY4r7NKxCN16XRWl5uHu6qjuyVLoDo6oYEggIQefrMjkRuibQHm/NslIUNCcKftvoWAN80MSAg==",
        "dependencies": {
          "Microsoft.CodeCoverage": "18.0.1",
          "Microsoft.TestPlatform.TestHost": "18.0.1"
        }
      },
      "xunit.runner.visualstudio": {
        "type": "Direct",
        "requested": "[3.1.4, )",
        "resolved": "3.1.4",
        "contentHash": "5mj99LvCqrq3CNi06xYdyIAXOEh+5b33F2nErCzI5zWiDdLHXiPXEWFSUAF8zlIv0ZWqjZNCwHTQeAPYbF3pCg=="
      },
      "xunit.v3": {
        "type": "Direct",
        "requested": "[3.0.0, )",
        "resolved": "3.0.0",
        "contentHash": "IzPThK1+JjkBJzMWrWtMZY7FtYagnpg3cBwR/8XJE5mK6JPwz5nz/auQ9Ln02DZCK3O3E1kHyMC1f490/6g6dQ==",
        "dependencies": {
          "xunit.analyzers": "1.23.0",
          "xunit.v3.assert": "[3.0.0]",
          "xunit.v3.core": "[3.0.0]"
        }
      },
      "AlibabaCloud.EndpointUtil": {
        "type": "Transitive",
        "resolved": "0.1.2",
        "contentHash": "66FQo9/jqfT4sGHFjiqcUQebwPcUzaABSvv9yDWLWHqQMaH/KLHD+VlecGERBPiLKoCwCA8D18H1+RFkRyLpOA=="
      },
      "AlibabaCloud.GatewaySpi": {
        "type": "Transitive",
        "resolved": "0.0.3",
        "contentHash": "vvmA5BrM8rpOZoXwFl/ZWHYLFnZ8EwPp+07z3Eeg9okLv58QJ8+KGWVovTr8tJpuDgPFG1SVdHXRi04A62ehdA==",
        "dependencies": {
          "Aliyun.Credentials": "1.4.0",
          "Tea": "1.0.13"
        }
      },
      "AlibabaCloud.OpenApiClient": {
        "type": "Transitive",
        "resolved": "0.1.16",
        "contentHash": "zg+UV5+TNv0RFfqG7BF1kYxF5ajmEN+F97O5C4b4ytAKQGZq15riLJLRopZe8r/XUPJsgGaC1JOfZphYet3unA==",
        "dependencies": {
          "AlibabaCloud.GatewaySpi": "0.0.3",
          "AlibabaCloud.OpenApiUtil": "1.1.2",
          "AlibabaCloud.TeaUtil": "0.1.20",
          "AlibabaCloud.TeaXML": "0.0.5",
          "Aliyun.Credentials": "1.5.2",
          "Tea": "1.1.3"
        }
      },
      "AlibabaCloud.OpenApiUtil": {
        "type": "Transitive",
        "resolved": "1.1.4",
        "contentHash": "Z5bjwOHgN6n5A222TQOIOm6pTgdm+Gwp23FQ9ZlRqpp4LU9NqsPecJ06hPIGsJl0ACv3lRNBUhpWDqMP5Tx6tg==",
        "dependencies": {
          "Newtonsoft.Json": "13.0.3",
          "Tea": "1.0.11"
        }
      },
      "AlibabaCloud.SDK.Cdn20180510": {
        "type": "Transitive",
        "resolved": "8.2.0",
        "contentHash": "dK6vtkgrdSOZCwZe8P7WWVz/Cy5TH4xhV0dpOiY1jDK11ZPbczayhwMen/u60GRBIHzEQ7JtZIGYxhRm7ABihQ==",
        "dependencies": {
          "AlibabaCloud.EndpointUtil": "0.1.2",
          "AlibabaCloud.OpenApiClient": "0.1.16",
          "AlibabaCloud.OpenApiUtil": "1.1.4",
          "AlibabaCloud.TeaUtil": "0.1.20",
          "Tea": "1.1.3"
        }
      },
      "AlibabaCloud.TeaUtil": {
        "type": "Transitive",
        "resolved": "0.1.20",
        "contentHash": "LlX4ZC9s15IEeQJbDNQLtfZulDP+0h3vAsR+gz0sp9GV4jspANH3f+AnVsQLKxxt7mJk623lbOYM6PE53CbBPw==",
        "dependencies": {
          "Newtonsoft.Json": "13.0.3",
          "Tea": "1.0.11"
        }
      },
      "AlibabaCloud.TeaXML": {
        "type": "Transitive",
        "resolved": "0.0.5",
        "contentHash": "mHxE6H3eq4jaeqn3hryIYTI0k8quvPZfZdEE+PdU8rw+NGRvev68D8Aei6xjwW/pArZaTG6yPawYu5c0EaZkfw==",
        "dependencies": {
          "Newtonsoft.Json": "9.0.1",
          "Tea": "1.0.11"
        }
      },
      "Aliyun.Credentials": {
        "type": "Transitive",
        "resolved": "1.5.2",
        "contentHash": "5A5W5IbQvmUV0EcfAP9FFDQoB5R9JfeH7FhDPEBlPZl6ZJON40NHkYwQY/l+P+AMR7B9Nt8mxGoL3rGETrNLFg==",
        "dependencies": {
          "Newtonsoft.Json": "13.0.1",
          "Tea": "1.0.1"
        }
      },
      "AWSSDK.Core": {
        "type": "Transitive",
        "resolved": "4.0.100.9",
        "contentHash": "OPYy41jZjXwxxcYRotaq24HDrwUnVtBB/mvg1IwB9D1ICXAtHqMa1sp2hpmlVJCZwjlcrPcTCJIejInvV1vp5g=="
      },
      "AWSSDK.S3": {
        "type": "Transitive",
        "resolved": "4.0.102",
        "contentHash": "+5ToRNfpNnu1/oEbb1P+4AnHpknda1+eybYkhT6viFC4v772ZONeFYGR1pHgm7Zum0nvLDpSEJl/4y+wggpIpg==",
        "dependencies": {
          "AWSSDK.Core": "[4.0.100.9, 5.0.0)"
        }
      },
      "AWSSDK.SecurityToken": {
        "type": "Transitive",
        "resolved": "4.0.100.7",
        "contentHash": "J+UONdTPOcLXAHIIJ/cutqqTv4RuzS2YWYIt6eXeLWnfkoIUEbfljROniHwT4yXbjWaLe9Gd2tgSStWJvl9J1A==",
        "dependencies": {
          "AWSSDK.Core": "[4.0.100.9, 5.0.0)"
        }
      },
      "AWSSDK.SSO": {
        "type": "Transitive",
        "resolved": "4.0.100.7",
        "contentHash": "HzXXscVe/said+K0FY9iS8JZzT7F1h/iMBOWUHVsri6gdSnAxqoSJBwaDxyihKAXPtt0l3ynb0/mP0Cuw0wiLg==",
        "dependencies": {
          "AWSSDK.Core": "[4.0.100.9, 5.0.0)"
        }
      },
      "AWSSDK.SSOOIDC": {
        "type": "Transitive",
        "resolved": "4.0.100.7",
        "contentHash": "3iQCAc2z0iFBpZS/wVvjhJmiDpZg9yI7B2YLaxsPjkBkm2wUSWOSAJHYPOrk2WGexh5jY+FvChtSZnuWJXLSwg==",
        "dependencies": {
          "AWSSDK.Core": "[4.0.100.9, 5.0.0)"
        }
      },
      "Microsoft.Bcl.AsyncInterfaces": {
        "type": "Transitive",
        "resolved": "6.0.0",
        "contentHash": "UcSjPsst+DfAdJGVDsu346FX0ci0ah+lw3WRtn18NUwEqRt70HaOQ7lI72vy3+1LxtqI3T5GWwV39rQSrCzAeg=="
      },
      "Microsoft.CodeCoverage": {
        "type": "Transitive",
        "resolved": "18.0.1",
        "contentHash": "O+utSr97NAJowIQT/OVp3Lh9QgW/wALVTP4RG1m2AfFP4IyJmJz0ZBmFJUsRQiAPgq6IRC0t8AAzsiPIsaUDEA=="
      },
      "Microsoft.Testing.Extensions.TrxReport.Abstractions": {
        "type": "Transitive",
        "resolved": "1.7.3",
        "contentHash": "dDEETHbX5JQBMIFgBPkX/FmCU4DRQSG+k58QUtz7zTdnEZDafPKH6YHSMoHY3blDiZV/vcSol35Ux3WC7wU+9Q==",
        "dependencies": {
          "Microsoft.Testing.Platform": "1.7.3"
        }
      },
      "Microsoft.Testing.Platform": {
        "type": "Transitive",
        "resolved": "1.7.3",
        "contentHash": "cI6u+CPxv3+07cbSwJVKOfxFrecbjfZnid1fe8EMhyPY4qmsSNnm+hN+GIy8u4JIlrADfrskDiwnScjRzVzJNw=="
      },
      "Microsoft.Testing.Platform.MSBuild": {
        "type": "Transitive",
        "resolved": "1.7.3",
        "contentHash": "tSIKXv7tLLYDjfodqLuTigsmOVcYj0CDC1rYeac5MTgHjbYV8IfmYh4FprBt/xE1zW8phkCYP766F9ayo560jA==",
        "dependencies": {
          "Microsoft.Testing.Platform": "1.7.3"
        }
      },
      "Microsoft.TestPlatform.ObjectModel": {
        "type": "Transitive",
        "resolved": "18.0.1",
        "contentHash": "qT/mwMcLF9BieRkzOBPL2qCopl8hQu6A1P7JWAoj/FMu5i9vds/7cjbJ/LLtaiwWevWLAeD5v5wjQJ/l6jvhWQ=="
      },
      "Microsoft.TestPlatform.TestHost": {
        "type": "Transitive",
        "resolved": "18.0.1",
        "contentHash": "uDJKAEjFTaa2wHdWlfo6ektyoh+WD4/Eesrwb4FpBFKsLGehhACVnwwTI4qD3FrIlIEPlxdXg3SyrYRIcO+RRQ==",
        "dependencies": {
          "Microsoft.TestPlatform.ObjectModel": "18.0.1",
          "Newtonsoft.Json": "13.0.3"
        }
      },
      "Newtonsoft.Json": {
        "type": "Transitive",
        "resolved": "13.0.3",
        "contentHash": "HrC5BXdl00IP9zeV+0Z848QWPAoCr9P3bDEZguI+gkLcBKAOxix/tLEAAHC+UvDNPv4a2d18lOReHMOagPa+zQ=="
      },
      "System.Security.Cryptography.ProtectedData": {
        "type": "Transitive",
        "resolved": "10.0.10",
        "contentHash": "BKt0SQgq2lq3ESE68jkeLwv95ypANrPDtkTOIFGcnhg2aRUeUUBDrQlkVDZctrg1WenVcvn5P5XZnuYI7q6rFQ=="
      },
      "Tea": {
        "type": "Transitive",
        "resolved": "1.1.3",
        "contentHash": "vwpYRSIcbNeRDrrRp6eG1rB2rAE5vOZyrQAjMPCxDTisptsIq4ApdmFc9jvthCIgOeBwTyOe4Y/TYTD88Zq+Yw==",
        "dependencies": {
          "Newtonsoft.Json": "13.0.3"
        }
      },
      "xunit.analyzers": {
        "type": "Transitive",
        "resolved": "1.23.0",
        "contentHash": "WCkO1FPTWoESLhghoXA881CulRYpve0UrXLsL5aYcLQd9SlD+oADb16NAP+SE5o3w0FM2MzGTklBwY8yUfj0ng=="
      },
      "xunit.v3.assert": {
        "type": "Transitive",
        "resolved": "3.0.0",
        "contentHash": "tlEmAE8uQ9fOhbNyg7sLJiYhekeD4LFRDJRZrv3mdnvJv7kfb2Z1OmJcsMHF+/N/QE/vTtwqRItiPJZGpOw/EQ=="
      },
      "xunit.v3.common": {
        "type": "Transitive",
        "resolved": "3.0.0",
        "contentHash": "8bPJb2N2kYWSa9c9pkUtQmzWc2+0wKxWo9NIgUev6DX+TkXjdBUh6zY0LPVIdSGxsl3swjn4+gEpj5QjrzZiQw==",
        "dependencies": {
          "Microsoft.Bcl.AsyncInterfaces": "6.0.0"
        }
      },
      "xunit.v3.core": {
        "type": "Transitive",
        "resolved": "3.0.0",
        "contentHash": "c71CPzXXTbnmr3iz2dmo4OniOWNM+30DtWQxpepKVjLIFRYimP+ahn/pjPHSmDqL2xl2tewosLNFodyijcnBLQ==",
        "dependencies": {
          "Microsoft.Testing.Platform.MSBuild": "1.7.3",
          "xunit.v3.extensibility.core": "[3.0.0]",
          "xunit.v3.runner.inproc.console": "[3.0.0]"
        }
      },
      "xunit.v3.extensibility.core": {
        "type": "Transitive",
        "resolved": "3.0.0",
        "contentHash": "bzYmxPXtuLDwueg5gqB4/JlCShqHO/weZVgsOxgvMSw4ulyKFqv78JpUE1+aluJWitrfeaL6P8mfPV6zLQS49w==",
        "dependencies": {
          "xunit.v3.common": "[3.0.0]"
        }
      },
      "xunit.v3.runner.common": {
        "type": "Transitive",
        "resolved": "3.0.0",
        "contentHash": "GIk0y3T/siVtU2rwbPPC/PFANHlAbknwWmxNOPqyz+NviFTKY3sILeHeotQff4MT+Rk0tjPGNAwCtzp9fRPLpQ==",
        "dependencies": {
          "xunit.v3.common": "[3.0.0]"
        }
      },
      "xunit.v3.runner.inproc.console": {
        "type": "Transitive",
        "resolved": "3.0.0",
        "contentHash": "V0ZxjXFRVDoscU4SfVFvHVzqhGbevBitl7Yn3Vn6s+NqFmwP4tY6/o3ZU9skAQ1bgtfNUEYfrwYTzzoeQFbNQw==",
        "dependencies": {
          "Microsoft.Testing.Extensions.TrxReport.Abstractions": "1.7.3",
          "Microsoft.Testing.Platform": "1.7.3",
          "xunit.v3.extensibility.core": "[3.0.0]",
          "xunit.v3.runner.common": "[3.0.0]"
        }
      },
      "s3explorer.core": {
        "type": "Project"
      },
      "s3explorer.infrastructure.cdn": {
        "type": "Project",
        "dependencies": {
          "AlibabaCloud.SDK.Cdn20180510": "[8.2.0, )",
          "S3Explorer.Core": "[0.7.6, )",
          "System.Security.Cryptography.ProtectedData": "[10.0.10, )"
        }
      },
      "s3explorer.infrastructure.configuration": {
        "type": "Project",
        "dependencies": {
          "S3Explorer.Core": "[0.7.6, )",
          "S3Explorer.Infrastructure.Cdn": "[0.7.6, )",
          "S3Explorer.Infrastructure.S3": "[0.7.6, )",
          "System.Security.Cryptography.ProtectedData": "[10.0.10, )"
        }
      },
      "s3explorer.infrastructure.s3": {
        "type": "Project",
        "dependencies": {
          "AWSSDK.S3": "[4.0.102, )",
          "AWSSDK.SSO": "[4.0.100.7, )",
          "AWSSDK.SSOOIDC": "[4.0.100.7, )",
          "AWSSDK.SecurityToken": "[4.0.100.7, )",
          "S3Explorer.Core": "[0.7.6, )",
          "System.Security.Cryptography.ProtectedData": "[10.0.10, )"
        }
      }
    }
  }
}