{
  "version": 1,
  "dependencies": {
    "net10.0-windows7.0": {
      "AWSSDK.Core": {
        "type": "Transitive",
        "resolved": "4.0.100.9",
        "contentHash": "OPYy41jZjXwxxcYRotaq24HDrwUnVtBB/mvg1IwB9D1ICXAtHqMa1sp2hpmlVJCZwjlcrPcTCJIejInvV1vp5g=="
      },
      "AWSSDK.S3": {
        "type": "Transitive",
        "resolved": "4.0.102",
        "contentHash": "+5ToRNfpNnu1/oEbb1P+4AnHpknda1+eybYkhT6viFC4v772ZONeFYGR1pHgm7Zum0nvLDpSEJl/4y+wggpIpg==",
        "dependencies": {
          "AWSSDK.Core": "[4.0.100.9, 5.0.0)"
        }
      },
      "AWSSDK.SecurityToken": {
        "type": "Transitive",
        "resolved": "4.0.100.7",
        "contentHash": "J+UONdTPOcLXAHIIJ/cutqqTv4RuzS2YWYIt6eXeLWnfkoIUEbfljROniHwT4yXbjWaLe9Gd2tgSStWJvl9J1A==",
        "dependencies": {
          "AWSSDK.Core": "[4.0.100.9, 5.0.0)"
        }
      },
      "AWSSDK.SSO": {
        "type": "Transitive",
        "resolved": "4.0.100.7",
        "contentHash": "HzXXscVe/said+K0FY9iS8JZzT7F1h/iMBOWUHVsri6gdSnAxqoSJBwaDxyihKAXPtt0l3ynb0/mP0Cuw0wiLg==",
        "dependencies": {
          "AWSSDK.Core": "[4.0.100.9, 5.0.0)"
        }
      },
      "AWSSDK.SSOOIDC": {
        "type": "Transitive",
        "resolved": "4.0.100.7",
        "contentHash": "3iQCAc2z0iFBpZS/wVvjhJmiDpZg9yI7B2YLaxsPjkBkm2wUSWOSAJHYPOrk2WGexh5jY+FvChtSZnuWJXLSwg==",
        "dependencies": {
          "AWSSDK.Core": "[4.0.100.9, 5.0.0)"
        }
      },
      "s3explorer.core": {
        "type": "Project"
      },
      "s3explorer.infrastructure.cdn": {
        "type": "Project",
        "dependencies": {
          "S3Explorer.Core": "[0.7.5, )"
        }
      },
      "s3explorer.infrastructure.s3": {
        "type": "Project",
        "dependencies": {
          "AWSSDK.S3": "[4.0.102, )",
          "AWSSDK.SSO": "[4.0.100.7, )",
          "AWSSDK.SSOOIDC": "[4.0.100.7, )",
          "AWSSDK.SecurityToken": "[4.0.100.7, )",
          "S3Explorer.Core": "[0.7.5, )"
        }
      }
    },
    "net10.0-windows7.0/win-x64": {}
  }
}