{
  "version": 1,
  "dependencies": {
    "net10.0": {
      "AWSSDK.S3": {
        "type": "Direct",
        "requested": "[4.0.102, )",
        "resolved": "4.0.102",
        "contentHash": "+5ToRNfpNnu1/oEbb1P+4AnHpknda1+eybYkhT6viFC4v772ZONeFYGR1pHgm7Zum0nvLDpSEJl/4y+wggpIpg==",
        "dependencies": {
          "AWSSDK.Core": "[4.0.100.9, 5.0.0)"
        }
      },
      "AWSSDK.SecurityToken": {
        "type": "Direct",
        "requested": "[4.0.100.7, )",
        "resolved": "4.0.100.7",
        "contentHash": "J+UONdTPOcLXAHIIJ/cutqqTv4RuzS2YWYIt6eXeLWnfkoIUEbfljROniHwT4yXbjWaLe9Gd2tgSStWJvl9J1A==",
        "dependencies": {
          "AWSSDK.Core": "[4.0.100.9, 5.0.0)"
        }
      },
      "AWSSDK.SSO": {
        "type": "Direct",
        "requested": "[4.0.100.7, )",
        "resolved": "4.0.100.7",
        "contentHash": "HzXXscVe/said+K0FY9iS8JZzT7F1h/iMBOWUHVsri6gdSnAxqoSJBwaDxyihKAXPtt0l3ynb0/mP0Cuw0wiLg==",
        "dependencies": {
          "AWSSDK.Core": "[4.0.100.9, 5.0.0)"
        }
      },
      "AWSSDK.SSOOIDC": {
        "type": "Direct",
        "requested": "[4.0.100.7, )",
        "resolved": "4.0.100.7",
        "contentHash": "3iQCAc2z0iFBpZS/wVvjhJmiDpZg9yI7B2YLaxsPjkBkm2wUSWOSAJHYPOrk2WGexh5jY+FvChtSZnuWJXLSwg==",
        "dependencies": {
          "AWSSDK.Core": "[4.0.100.9, 5.0.0)"
        }
      },
      "System.Security.Cryptography.ProtectedData": {
        "type": "Direct",
        "requested": "[10.0.10, )",
        "resolved": "10.0.10",
        "contentHash": "BKt0SQgq2lq3ESE68jkeLwv95ypANrPDtkTOIFGcnhg2aRUeUUBDrQlkVDZctrg1WenVcvn5P5XZnuYI7q6rFQ=="
      },
      "AWSSDK.Core": {
        "type": "Transitive",
        "resolved": "4.0.100.9",
        "contentHash": "OPYy41jZjXwxxcYRotaq24HDrwUnVtBB/mvg1IwB9D1ICXAtHqMa1sp2hpmlVJCZwjlcrPcTCJIejInvV1vp5g=="
      },
      "s3explorer.core": {
        "type": "Project"
      }
    }
  }
}