{
  "version": 1,
  "dependencies": {
    "net10.0-windows7.0": {
      "AWSSDK.Core": {
        "type": "Transitive",
        "resolved": "3.7.501.1",
        "contentHash": "VZR0LRAawpn5FQwXNPzhOO8DHhfffhBSvcSZT1d0ctcZ+kmsz3tzTArZnTQ9Haf/TNEqNLzKupHfjV2ndWAL4A=="
      },
      "AWSSDK.S3": {
        "type": "Transitive",
        "resolved": "3.7.511.8",
        "contentHash": "QLHt7ucegMurWnwB3GomMeP6DiCG033aEittRiabMGnTOMZ5xyu7tbmTkqs3ZU5tBz4AK53Ak8WJkF+kk+s4Tw==",
        "dependencies": {
          "AWSSDK.Core": "[3.7.501.1, 4.0.0)"
        }
      },
      "System.Security.Cryptography.ProtectedData": {
        "type": "Transitive",
        "resolved": "10.0.10",
        "contentHash": "BKt0SQgq2lq3ESE68jkeLwv95ypANrPDtkTOIFGcnhg2aRUeUUBDrQlkVDZctrg1WenVcvn5P5XZnuYI7q6rFQ=="
      },
      "s3explorer.contracts": {
        "type": "Project"
      },
      "s3explorer.core": {
        "type": "Project"
      },
      "s3explorer.infrastructure.cdn": {
        "type": "Project",
        "dependencies": {
          "S3Explorer.Core": "[0.6.10, )",
          "System.Security.Cryptography.ProtectedData": "[10.0.10, )"
        }
      },
      "s3explorer.infrastructure.s3": {
        "type": "Project",
        "dependencies": {
          "AWSSDK.S3": "[3.7.511.8, )",
          "S3Explorer.Core": "[0.6.10, )",
          "System.Security.Cryptography.ProtectedData": "[10.0.10, )"
        }
      }
    },
    "net10.0-windows7.0/win-x64": {}
  }
}