{
  "version": 1,
  "dependencies": {
    "native,Version=v0.0": {
      "WixToolset.UI.wixext": {
        "type": "Direct",
        "requested": "[5.0.0, )",
        "resolved": "5.0.0",
        "contentHash": "bSXUeHrfylVOeoklBb3mSlmMmiIVmQnEakCLeEtQoUundgWY3LOlVr7yjLu/3RBkMCiYdGmaNhg7MHwS2iQDsA=="
      }
    }
  }
}